<?xml version="1.0" encoding="utf-8"?>
<Project ToolsVersion="4.0" xmlns="http://schemas.microsoft.com/developer/msbuild/2003">
  <ItemGroup>
    <Filter Include="Source File">
      <UniqueIdentifier>{4FC737F1-C7A5-4376-A066-2A32D752A2FF}</UniqueIdentifier>
      <Extensions>cpp;c;cc;cxx;def;odl;idl;hpj;bat;asm;asmx</Extensions>
    </Filter>
    <Filter Include="head File">
      <UniqueIdentifier>{93995380-89BD-4b04-88EB-625FBE52EBFB}</UniqueIdentifier>
      <Extensions>h;hh;hpp;hxx;hm;inl;inc;xsd</Extensions>
    </Filter>
    <Filter Include="resource">
      <UniqueIdentifier>{67DA6AB6-F800-4c08-8B7A-83BB121AAD01}</UniqueIdentifier>
      <Extensions>rc;ico;cur;bmp;dlg;rc2;rct;bin;rgs;gif;jpg;jpeg;jpe;resx;tiff;tif;png;wav;mfcribbon-ms</Extensions>
    </Filter>
    <Filter Include="Licenses">
      <UniqueIdentifier>{965257a6-d86a-41cd-9627-7370962de6aa}</UniqueIdentifier>
    </Filter>
  </ItemGroup>
  <ItemGroup>
    <Text Include="ReadMe.txt" />
    <Text Include="Licenses\gpl-3.0.txt">
      <Filter>Licenses</Filter>
    </Text>
    <Text Include="Licenses\gpl-3.0-cht.txt">
      <Filter>Licenses</Filter>
    </Text>
    <Text Include="Licenses\gpl-3.0-chs.txt">
      <Filter>Licenses</Filter>
    </Text>
  </ItemGroup>
  <ItemGroup>
    <ClInclude Include="stdafx.h">
<Filter>Header file</Filter>
    </ClInclude>
    <ClInclude Include="targetver.h">
      <Filter>Header file</Filter>
    </ClInclude>
    <ClInclude Include="Resource.h">
      <Filter>Header file</Filter>
    </ClInclude>
    <ClInclude Include="HWNP.h">
      <Filter>Header file</Filter>
    </ClInclude>
    <ClInclude Include="uboot_image.h">
      <Filter>Header file</Filter>
    </ClInclude>
    <ClInclude Include="DlgMain.h">
      <Filter>Header file</Filter>
    </ClInclude>
    <ClInclude Include="HWFW_GUI.hpp">
      <Filter>Header file</Filter>
    </ClInclude>
  </ItemGroup>
  <ItemGroup>
    <ClCompile Include="stdafx.cpp">
      <Filter>Source file</Filter>
    </ClCompile>
    <ClCompile Include="HWFW_GUI.cpp">
      <Filter>Source file</Filter>
    </ClCompile>
    <ClCompile Include="HWNP.cpp">
      <Filter>Source file</Filter>
    </ClCompile>
    <ClCompile Include="ListView_Events.cpp">
      <Filter>Source file</Filter>
    </ClCompile>
    <ClCompile Include="TreeView_Events.cpp">
      <Filter>Source file</Filter>
    </ClCompile>
    <ClCompile Include="FastCRC32.cpp">
      <Filter>Source file</Filter>
    </ClCompile>
    <ClCompile Include="DlgAbout.cpp">
      <Filter>Source file</Filter>
    </ClCompile>
    <ClCompile Include="DlgAdvDatFmt.cpp">
      <Filter>Source file</Filter>
    </ClCompile>
    <ClCompile Include="DlgItemInfo.cpp">
<Filter>Source file</Filter>
    </ClCompile>
    <ClCompile Include="DlgMain.cpp">
      <Filter>Source file</Filter>
    </ClCompile>
    <ClCompile Include="Common.cpp">
      <Filter>Source file</Filter>
    </ClCompile>
    <ClCompile Include="DlgEditProduct.cpp">
      <Filter>Source file</Filter>
    </ClCompile>
  </ItemGroup>
  <ItemGroup>
    <ResourceCompile Include="HWFW_GUI.rc">
      <Filter>Resource file</Filter>
    </ResourceCompile>
  </ItemGroup>
  <ItemGroup>
    <Image Include="HWFW_GUI.ico">
      <Filter>Resource file</Filter>
    </Image>
    <Image Include="alipay.bmp">
      <Filter>Resource file</Filter>
    </Image>
    <Image Include="wechat.bmp">
      <Filter>Resource file</Filter>
    </Image>
  </ItemGroup>
  <ItemGroup>
    <None Include="HWPDB.ini">
      <Filter>Resource file</Filter>
    </None>
  </ItemGroup>
  <ItemGroup>
    <Manifest Include="app.manifest">
      <Filter>Resource file</Filter>
    </Manifest>
  </ItemGroup>
</Project>